# This file is automatically @generated by Cargo.
# It is not intended for manual editing.
version = 4

[[package]]
name = "canary-cli"
version = "0.1.0"

[[package]]
name = "canary-config"
version = "0.1.0"

[[package]]
name = "canary-core"
version = "0.1.0"

[[package]]
name = "canary-fixtures"
version = "0.1.0"

[[package]]
name = "canary-git"
version = "0.1.0"

[[package]]
name = "canary-project"
version = "0.1.0"

[[package]]
name = "canary-report"
version = "0.1.0"

[[package]]
name = "canary-rpc"
version = "0.1.0"

[[package]]
name = "canary-runner"
version = "0.1.0"

[[package]]
name = "canary-soroban"
version = "0.1.0"

[[package]]
name = "canary-xdr"
version = "0.1.0"
